
Microsoft Visual Studio Solution File, Format Version 12.00
# Visual Studio Version 17
VisualStudioVersion = 17.4.33205.214
MinimumVisualStudioVersion = 10.0.40219.1
Project("{9A19103F-16F7-4668-BE54-9A1E7A4F7556}") = "Employee_Management", "Employee_Management\Employee_Management.csproj", "{D05BE66B-6455-41F7-804D-DCD7175E2D49}"
EndProject
Global
	GlobalSection(SolutionConfigurationPlatforms) = preSolution
		Debug|Any CPU = Debug|Any CPU
		Release|Any CPU = Release|Any CPU
	EndGlobalSection
	GlobalSection(ProjectConfigurationPlatforms) = postSolution
		{D05BE66B-6455-41F7-804D-DCD7175E2D49}.Debug|Any CPU.ActiveCfg = Debug|Any CPU
		{D05BE66B-6455-41F7-804D-DCD7175E2D49}.Debug|Any CPU.Build.0 = Debug|Any CPU
		{D05BE66B-6455-41F7-804D-DCD7175E2D49}.Release|Any CPU.ActiveCfg = Release|Any CPU
		{D05BE66B-6455-41F7-804D-DCD7175E2D49}.Release|Any CPU.Build.0 = Release|Any CPU
	EndGlobalSection
	GlobalSection(SolutionProperties) = preSolution
		HideSolutionNode = FALSE
	EndGlobalSection
	GlobalSection(ExtensibilityGlobals) = postSolution
		SolutionGuid = {34414E7C-C3C0-46F1-BEAC-C1106D99DAC1}
	EndGlobalSection
EndGlobal
